<?xml version="1.0" encoding="UTF-8"?>
<!DOCTYPE plist PUBLIC "-//Apple//DTD PLIST 1.0//EN" "http://www.apple.com/DTDs/PropertyList-1.0.dtd">
<plist version="1.0">
<dict>
	<key>archiveVersion</key>
	<string>1</string>
	<key>classes</key>
	<dict/>
	<key>objectVersion</key>
	<string>46</string>
	<key>objects</key>
	<dict>
		<key>0B4D0B6DA5DC00D1278BC45F</key>
		<dict>
			<key>includeInIndex</key>
			<string>1</string>
			<key>isa</key>
			<string>PBXFileReference</string>
			<key>lastKnownFileType</key>
			<string>text.xcconfig</string>
			<key>name</key>
			<string>Pods.release.xcconfig</string>
			<key>path</key>
			<string>Pods/Target Support Files/Pods/Pods.release.xcconfig</string>
			<key>sourceTree</key>
			<string>&lt;group&gt;</string>
		</dict>
		<key>1D44FF8A5032F7B2D6CBEA6D</key>
		<dict>
			<key>buildActionMask</key>
			<string>2147483647</string>
			<key>files</key>
			<array/>
			<key>inputPaths</key>
			<array/>
			<key>isa</key>
			<string>PBXShellScriptBuildPhase</string>
			<key>name</key>
			<string>Check Pods Manifest.lock</string>
			<key>outputPaths</key>
			<array/>
			<key>runOnlyForDeploymentPostprocessing</key>
			<string>0</string>
			<key>shellPath</key>
			<string>/bin/sh</string>
			<key>shellScript</key>
			<string>diff "${PODS_ROOT}/../Podfile.lock" "${PODS_ROOT}/Manifest.lock" &gt; /dev/null
if [[ $? != 0 ]] ; then
    cat &lt;&lt; EOM
error: The sandbox is not in sync with the Podfile.lock. Run 'pod install' or update your CocoaPods installation.
EOM
    exit 1
fi
</string>
			<key>showEnvVarsInLog</key>
			<string>0</string>
		</dict>
		<key>32B7C24280760A83DE432950</key>
		<dict>
			<key>fileRef</key>
			<string>E9F8BDB0B186C4052EDFEBAB</string>
			<key>isa</key>
			<string>PBXBuildFile</string>
		</dict>
		<key>5ABD0EAD3EAA528641BD7BD3</key>
		<dict>
			<key>buildActionMask</key>
			<string>2147483647</string>
			<key>files</key>
			<array/>
			<key>inputPaths</key>
			<array/>
			<key>isa</key>
			<string>PBXShellScriptBuildPhase</string>
			<key>name</key>
			<string>Copy Pods Resources</string>
			<key>outputPaths</key>
			<array/>
			<key>runOnlyForDeploymentPostprocessing</key>
			<string>0</string>
			<key>shellPath</key>
			<string>/bin/sh</string>
			<key>shellScript</key>
			<string>"${SRCROOT}/Pods/Target Support Files/Pods/Pods-resources.sh"
</string>
			<key>showEnvVarsInLog</key>
			<string>0</string>
		</dict>
		<key>7A09ABD831440171AEA3CD3E</key>
		<dict>
			<key>includeInIndex</key>
			<string>1</string>
			<key>isa</key>
			<string>PBXFileReference</string>
			<key>lastKnownFileType</key>
			<string>text.xcconfig</string>
			<key>name</key>
			<string>Pods.debug.xcconfig</string>
			<key>path</key>
			<string>Pods/Target Support Files/Pods/Pods.debug.xcconfig</string>
			<key>sourceTree</key>
			<string>&lt;group&gt;</string>
		</dict>
		<key>862070AC572B1239C5AF3D8B</key>
		<dict>
			<key>children</key>
			<array>
				<string>7A09ABD831440171AEA3CD3E</string>
				<string>0B4D0B6DA5DC00D1278BC45F</string>
			</array>
			<key>isa</key>
			<string>PBXGroup</string>
			<key>name</key>
			<string>Pods</string>
			<key>sourceTree</key>
			<string>&lt;group&gt;</string>
		</dict>
		<key>A35BDE2D196E613F00917A3A</key>
		<dict>
			<key>fileEncoding</key>
			<string>4</string>
			<key>isa</key>
			<string>PBXFileReference</string>
			<key>lastKnownFileType</key>
			<string>text</string>
			<key>path</key>
			<string>ReadMe.txt</string>
			<key>sourceTree</key>
			<string>&lt;group&gt;</string>
		</dict>
		<key>E9F8BDB0B186C4052EDFEBAB</key>
		<dict>
			<key>explicitFileType</key>
			<string>archive.ar</string>
			<key>includeInIndex</key>
			<string>0</string>
			<key>isa</key>
			<string>PBXFileReference</string>
			<key>path</key>
			<string>libPods.a</string>
			<key>sourceTree</key>
			<string>BUILT_PRODUCTS_DIR</string>
		</dict>
		<key>EB0629EA196B3BAC00F73A79</key>
		<dict>
			<key>children</key>
			<array>
				<string>A35BDE2D196E613F00917A3A</string>
				<string>EB0629FC196B3BAC00F73A79</string>
				<string>EB0629F5196B3BAC00F73A79</string>
				<string>EB0629F4196B3BAC00F73A79</string>
				<string>862070AC572B1239C5AF3D8B</string>
			</array>
			<key>isa</key>
			<string>PBXGroup</string>
			<key>sourceTree</key>
			<string>&lt;group&gt;</string>
		</dict>
		<key>EB0629EB196B3BAC00F73A79</key>
		<dict>
			<key>attributes</key>
			<dict>
				<key>LastUpgradeCheck</key>
				<string>0510</string>
			</dict>
			<key>buildConfigurationList</key>
			<string>EB0629EE196B3BAC00F73A79</string>
			<key>compatibilityVersion</key>
			<string>Xcode 3.2</string>
			<key>developmentRegion</key>
			<string>English</string>
			<key>hasScannedForEncodings</key>
			<string>0</string>
			<key>isa</key>
			<string>PBXProject</string>
			<key>knownRegions</key>
			<array>
				<string>en</string>
			</array>
			<key>mainGroup</key>
			<string>EB0629EA196B3BAC00F73A79</string>
			<key>productRefGroup</key>
			<string>EB0629F4196B3BAC00F73A79</string>
			<key>projectDirPath</key>
			<string></string>
			<key>projectReferences</key>
			<array/>
			<key>projectRoot</key>
			<string></string>
			<key>targets</key>
			<array>
				<string>EB0629F2196B3BAC00F73A79</string>
			</array>
		</dict>
		<key>EB0629EE196B3BAC00F73A79</key>
		<dict>
			<key>buildConfigurations</key>
			<array>
				<string>EB062A1D196B3BAC00F73A79</string>
				<string>EB062A1E196B3BAC00F73A79</string>
			</array>
			<key>defaultConfigurationIsVisible</key>
			<string>0</string>
			<key>defaultConfigurationName</key>
			<string>Release</string>
			<key>isa</key>
			<string>XCConfigurationList</string>
		</dict>
		<key>EB0629EF196B3BAC00F73A79</key>
		<dict>
			<key>buildActionMask</key>
			<string>2147483647</string>
			<key>files</key>
			<array>
				<string>EBF30D08196B4DC80055AF16</string>
				<string>EBF30D0D196B4DD50055AF16</string>
				<string>EBF30CFC196B4DB60055AF16</string>
				<string>EBF30D0E196B4DD50055AF16</string>
				<string>EBF30D06196B4DC80055AF16</string>
				<string>EBF30D07196B4DC80055AF16</string>
				<string>EB062A07196B3BAC00F73A79</string>
				<string>EBF30CFF196B4DC00055AF16</string>
				<string>EB062A03196B3BAC00F73A79</string>
			</array>
			<key>isa</key>
			<string>PBXSourcesBuildPhase</string>
			<key>runOnlyForDeploymentPostprocessing</key>
			<string>0</string>
		</dict>
		<key>EB0629F0196B3BAC00F73A79</key>
		<dict>
			<key>buildActionMask</key>
			<string>2147483647</string>
			<key>files</key>
			<array>
				<string>EB0629F9196B3BAC00F73A79</string>
				<string>EB0629FB196B3BAC00F73A79</string>
				<string>EB0629F7196B3BAC00F73A79</string>
				<string>32B7C24280760A83DE432950</string>
			</array>
			<key>isa</key>
			<string>PBXFrameworksBuildPhase</string>
			<key>runOnlyForDeploymentPostprocessing</key>
			<string>0</string>
		</dict>
		<key>EB0629F1196B3BAC00F73A79</key>
		<dict>
			<key>buildActionMask</key>
			<string>2147483647</string>
			<key>files</key>
			<array>
				<string>EBD87A271975B319007E5E98</string>
				<string>EB062A01196B3BAC00F73A79</string>
				<string>EB062A09196B3BAC00F73A79</string>
				<string>EBF30D10196B4DE20055AF16</string>
			</array>
			<key>isa</key>
			<string>PBXResourcesBuildPhase</string>
			<key>runOnlyForDeploymentPostprocessing</key>
			<string>0</string>
		</dict>
		<key>EB0629F2196B3BAC00F73A79</key>
		<dict>
			<key>buildConfigurationList</key>
			<string>EB062A1F196B3BAC00F73A79</string>
			<key>buildPhases</key>
			<array>
				<string>1D44FF8A5032F7B2D6CBEA6D</string>
				<string>EB0629EF196B3BAC00F73A79</string>
				<string>EB0629F0196B3BAC00F73A79</string>
				<string>EB0629F1196B3BAC00F73A79</string>
				<string>5ABD0EAD3EAA528641BD7BD3</string>
			</array>
			<key>buildRules</key>
			<array/>
			<key>dependencies</key>
			<array/>
			<key>isa</key>
			<string>PBXNativeTarget</string>
			<key>name</key>
			<string>Demo1</string>
			<key>productName</key>
			<string>iOSInAppPurchases</string>
			<key>productReference</key>
			<string>EB0629F3196B3BAC00F73A79</string>
			<key>productType</key>
			<string>com.apple.product-type.application</string>
		</dict>
		<key>EB0629F3196B3BAC00F73A79</key>
		<dict>
			<key>explicitFileType</key>
			<string>wrapper.application</string>
			<key>includeInIndex</key>
			<string>0</string>
			<key>isa</key>
			<string>PBXFileReference</string>
			<key>path</key>
			<string>Demo1.app</string>
			<key>sourceTree</key>
			<string>BUILT_PRODUCTS_DIR</string>
		</dict>
		<key>EB0629F4196B3BAC00F73A79</key>
		<dict>
			<key>children</key>
			<array>
				<string>EB0629F3196B3BAC00F73A79</string>
			</array>
			<key>isa</key>
			<string>PBXGroup</string>
			<key>name</key>
			<string>Products</string>
			<key>sourceTree</key>
			<string>&lt;group&gt;</string>
		</dict>
		<key>EB0629F5196B3BAC00F73A79</key>
		<dict>
			<key>children</key>
			<array>
				<string>EB0629F6196B3BAC00F73A79</string>
				<string>EB0629F8196B3BAC00F73A79</string>
				<string>EB0629FA196B3BAC00F73A79</string>
				<string>E9F8BDB0B186C4052EDFEBAB</string>
			</array>
			<key>isa</key>
			<string>PBXGroup</string>
			<key>name</key>
			<string>Frameworks</string>
			<key>sourceTree</key>
			<string>&lt;group&gt;</string>
		</dict>
		<key>EB0629F6196B3BAC00F73A79</key>
		<dict>
			<key>isa</key>
			<string>PBXFileReference</string>
			<key>lastKnownFileType</key>
			<string>wrapper.framework</string>
			<key>name</key>
			<string>Foundation.framework</string>
			<key>path</key>
			<string>System/Library/Frameworks/Foundation.framework</string>
			<key>sourceTree</key>
			<string>SDKROOT</string>
		</dict>
		<key>EB0629F7196B3BAC00F73A79</key>
		<dict>
			<key>fileRef</key>
			<string>EB0629F6196B3BAC00F73A79</string>
			<key>isa</key>
			<string>PBXBuildFile</string>
		</dict>
		<key>EB0629F8196B3BAC00F73A79</key>
		<dict>
			<key>isa</key>
			<string>PBXFileReference</string>
			<key>lastKnownFileType</key>
			<string>wrapper.framework</string>
			<key>name</key>
			<string>CoreGraphics.framework</string>
			<key>path</key>
			<string>System/Library/Frameworks/CoreGraphics.framework</string>
			<key>sourceTree</key>
			<string>SDKROOT</string>
		</dict>
		<key>EB0629F9196B3BAC00F73A79</key>
		<dict>
			<key>fileRef</key>
			<string>EB0629F8196B3BAC00F73A79</string>
			<key>isa</key>
			<string>PBXBuildFile</string>
		</dict>
		<key>EB0629FA196B3BAC00F73A79</key>
		<dict>
			<key>isa</key>
			<string>PBXFileReference</string>
			<key>lastKnownFileType</key>
			<string>wrapper.framework</string>
			<key>name</key>
			<string>UIKit.framework</string>
			<key>path</key>
			<string>System/Library/Frameworks/UIKit.framework</string>
			<key>sourceTree</key>
			<string>SDKROOT</string>
		</dict>
		<key>EB0629FB196B3BAC00F73A79</key>
		<dict>
			<key>fileRef</key>
			<string>EB0629FA196B3BAC00F73A79</string>
			<key>isa</key>
			<string>PBXBuildFile</string>
		</dict>
		<key>EB0629FC196B3BAC00F73A79</key>
		<dict>
			<key>children</key>
			<array>
				<string>EB062A05196B3BAC00F73A79</string>
				<string>EB062A06196B3BAC00F73A79</string>
				<string>EBF30CFA196B4DB60055AF16</string>
				<string>EBF30CFB196B4DB60055AF16</string>
				<string>EBF30CFD196B4DC00055AF16</string>
				<string>EBF30CFE196B4DC00055AF16</string>
				<string>EBF30D00196B4DC80055AF16</string>
				<string>EBF30D01196B4DC80055AF16</string>
				<string>EBF30D02196B4DC80055AF16</string>
				<string>EBF30D03196B4DC80055AF16</string>
				<string>EBF30D04196B4DC80055AF16</string>
				<string>EBF30D05196B4DC80055AF16</string>
				<string>EBF30D09196B4DD50055AF16</string>
				<string>EBF30D0A196B4DD50055AF16</string>
				<string>EBF30D0B196B4DD50055AF16</string>
				<string>EBF30D0C196B4DD50055AF16</string>
				<string>EB062A08196B3BAC00F73A79</string>
				<string>EB0629FD196B3BAC00F73A79</string>
			</array>
			<key>isa</key>
			<string>PBXGroup</string>
			<key>path</key>
			<string>iOSInAppPurchases</string>
			<key>sourceTree</key>
			<string>&lt;group&gt;</string>
		</dict>
		<key>EB0629FD196B3BAC00F73A79</key>
		<dict>
			<key>children</key>
			<array>
				<string>EBD87A291975B319007E5E98</string>
				<string>EBF30D0F196B4DE20055AF16</string>
				<string>EB0629FE196B3BAC00F73A79</string>
				<string>EB0629FF196B3BAC00F73A79</string>
				<string>EB062A02196B3BAC00F73A79</string>
				<string>EB062A04196B3BAC00F73A79</string>
			</array>
			<key>isa</key>
			<string>PBXGroup</string>
			<key>name</key>
			<string>Supporting Files</string>
			<key>sourceTree</key>
			<string>&lt;group&gt;</string>
		</dict>
		<key>EB0629FE196B3BAC00F73A79</key>
		<dict>
			<key>isa</key>
			<string>PBXFileReference</string>
			<key>lastKnownFileType</key>
			<string>text.plist.xml</string>
			<key>path</key>
			<string>iOSInAppPurchases-Info.plist</string>
			<key>sourceTree</key>
			<string>&lt;group&gt;</string>
		</dict>
		<key>EB0629FF196B3BAC00F73A79</key>
		<dict>
			<key>children</key>
			<array>
				<string>EB062A00196B3BAC00F73A79</string>
			</array>
			<key>isa</key>
			<string>PBXVariantGroup</string>
			<key>name</key>
			<string>InfoPlist.strings</string>
			<key>sourceTree</key>
			<string>&lt;group&gt;</string>
		</dict>
		<key>EB062A00196B3BAC00F73A79</key>
		<dict>
			<key>isa</key>
			<string>PBXFileReference</string>
			<key>lastKnownFileType</key>
			<string>text.plist.strings</string>
			<key>name</key>
			<string>en</string>
			<key>path</key>
			<string>en.lproj/InfoPlist.strings</string>
			<key>sourceTree</key>
			<string>&lt;group&gt;</string>
		</dict>
		<key>EB062A01196B3BAC00F73A79</key>
		<dict>
			<key>fileRef</key>
			<string>EB0629FF196B3BAC00F73A79</string>
			<key>isa</key>
			<string>PBXBuildFile</string>
		</dict>
		<key>EB062A02196B3BAC00F73A79</key>
		<dict>
			<key>isa</key>
			<string>PBXFileReference</string>
			<key>lastKnownFileType</key>
			<string>sourcecode.c.objc</string>
			<key>path</key>
			<string>main.m</string>
			<key>sourceTree</key>
			<string>&lt;group&gt;</string>
		</dict>
		<key>EB062A03196B3BAC00F73A79</key>
		<dict>
			<key>fileRef</key>
			<string>EB062A02196B3BAC00F73A79</string>
			<key>isa</key>
			<string>PBXBuildFile</string>
		</dict>
		<key>EB062A04196B3BAC00F73A79</key>
		<dict>
			<key>isa</key>
			<string>PBXFileReference</string>
			<key>lastKnownFileType</key>
			<string>sourcecode.c.h</string>
			<key>path</key>
			<string>iOSInAppPurchases-Prefix.pch</string>
			<key>sourceTree</key>
			<string>&lt;group&gt;</string>
		</dict>
		<key>EB062A05196B3BAC00F73A79</key>
		<dict>
			<key>isa</key>
			<string>PBXFileReference</string>
			<key>lastKnownFileType</key>
			<string>sourcecode.c.h</string>
			<key>path</key>
			<string>AppDelegate.h</string>
			<key>sourceTree</key>
			<string>&lt;group&gt;</string>
		</dict>
		<key>EB062A06196B3BAC00F73A79</key>
		<dict>
			<key>isa</key>
			<string>PBXFileReference</string>
			<key>lastKnownFileType</key>
			<string>sourcecode.c.objc</string>
			<key>path</key>
			<string>AppDelegate.m</string>
			<key>sourceTree</key>
			<string>&lt;group&gt;</string>
		</dict>
		<key>EB062A07196B3BAC00F73A79</key>
		<dict>
			<key>fileRef</key>
			<string>EB062A06196B3BAC00F73A79</string>
			<key>isa</key>
			<string>PBXBuildFile</string>
		</dict>
		<key>EB062A08196B3BAC00F73A79</key>
		<dict>
			<key>isa</key>
			<string>PBXFileReference</string>
			<key>lastKnownFileType</key>
			<string>folder.assetcatalog</string>
			<key>path</key>
			<string>Images.xcassets</string>
			<key>sourceTree</key>
			<string>&lt;group&gt;</string>
		</dict>
		<key>EB062A09196B3BAC00F73A79</key>
		<dict>
			<key>fileRef</key>
			<string>EB062A08196B3BAC00F73A79</string>
			<key>isa</key>
			<string>PBXBuildFile</string>
		</dict>
		<key>EB062A1D196B3BAC00F73A79</key>
		<dict>
			<key>buildSettings</key>
			<dict>
				<key>ALWAYS_SEARCH_USER_PATHS</key>
				<string>NO</string>
				<key>CLANG_CXX_LANGUAGE_STANDARD</key>
				<string>gnu++0x</string>
				<key>CLANG_CXX_LIBRARY</key>
				<string>libc++</string>
				<key>CLANG_ENABLE_MODULES</key>
				<string>YES</string>
				<key>CLANG_ENABLE_OBJC_ARC</key>
				<string>YES</string>
				<key>CLANG_WARN_BOOL_CONVERSION</key>
				<string>YES</string>
				<key>CLANG_WARN_CONSTANT_CONVERSION</key>
				<string>YES</string>
				<key>CLANG_WARN_DIRECT_OBJC_ISA_USAGE</key>
				<string>YES_ERROR</string>
				<key>CLANG_WARN_EMPTY_BODY</key>
				<string>YES</string>
				<key>CLANG_WARN_ENUM_CONVERSION</key>
				<string>YES</string>
				<key>CLANG_WARN_INT_CONVERSION</key>
				<string>YES</string>
				<key>CLANG_WARN_OBJC_ROOT_CLASS</key>
				<string>YES_ERROR</string>
				<key>CLANG_WARN__DUPLICATE_METHOD_MATCH</key>
				<string>YES</string>
				<key>CODE_SIGN_IDENTITY[sdk=iphoneos*]</key>
				<string>iPhone Developer</string>
				<key>COPY_PHASE_STRIP</key>
				<string>NO</string>
				<key>GCC_C_LANGUAGE_STANDARD</key>
				<string>gnu99</string>
				<key>GCC_DYNAMIC_NO_PIC</key>
				<string>NO</string>
				<key>GCC_OPTIMIZATION_LEVEL</key>
				<string>0</string>
				<key>GCC_PREPROCESSOR_DEFINITIONS</key>
				<array>
					<string>DEBUG=1</string>
					<string>$(inherited)</string>
				</array>
				<key>GCC_SYMBOLS_PRIVATE_EXTERN</key>
				<string>NO</string>
				<key>GCC_WARN_64_TO_32_BIT_CONVERSION</key>
				<string>YES</string>
				<key>GCC_WARN_ABOUT_RETURN_TYPE</key>
				<string>YES_ERROR</string>
				<key>GCC_WARN_UNDECLARED_SELECTOR</key>
				<string>YES</string>
				<key>GCC_WARN_UNINITIALIZED_AUTOS</key>
				<string>YES_AGGRESSIVE</string>
				<key>GCC_WARN_UNUSED_FUNCTION</key>
				<string>YES</string>
				<key>GCC_WARN_UNUSED_VARIABLE</key>
				<string>YES</string>
				<key>IPHONEOS_DEPLOYMENT_TARGET</key>
				<string>7.1</string>
				<key>ONLY_ACTIVE_ARCH</key>
				<string>YES</string>
				<key>SDKROOT</key>
				<string>iphoneos</string>
			</dict>
			<key>isa</key>
			<string>XCBuildConfiguration</string>
			<key>name</key>
			<string>Debug</string>
		</dict>
		<key>EB062A1E196B3BAC00F73A79</key>
		<dict>
			<key>buildSettings</key>
			<dict>
				<key>ALWAYS_SEARCH_USER_PATHS</key>
				<string>NO</string>
				<key>CLANG_CXX_LANGUAGE_STANDARD</key>
				<string>gnu++0x</string>
				<key>CLANG_CXX_LIBRARY</key>
				<string>libc++</string>
				<key>CLANG_ENABLE_MODULES</key>
				<string>YES</string>
				<key>CLANG_ENABLE_OBJC_ARC</key>
				<string>YES</string>
				<key>CLANG_WARN_BOOL_CONVERSION</key>
				<string>YES</string>
				<key>CLANG_WARN_CONSTANT_CONVERSION</key>
				<string>YES</string>
				<key>CLANG_WARN_DIRECT_OBJC_ISA_USAGE</key>
				<string>YES_ERROR</string>
				<key>CLANG_WARN_EMPTY_BODY</key>
				<string>YES</string>
				<key>CLANG_WARN_ENUM_CONVERSION</key>
				<string>YES</string>
				<key>CLANG_WARN_INT_CONVERSION</key>
				<string>YES</string>
				<key>CLANG_WARN_OBJC_ROOT_CLASS</key>
				<string>YES_ERROR</string>
				<key>CLANG_WARN__DUPLICATE_METHOD_MATCH</key>
				<string>YES</string>
				<key>CODE_SIGN_IDENTITY[sdk=iphoneos*]</key>
				<string>iPhone Developer</string>
				<key>COPY_PHASE_STRIP</key>
				<string>YES</string>
				<key>ENABLE_NS_ASSERTIONS</key>
				<string>NO</string>
				<key>GCC_C_LANGUAGE_STANDARD</key>
				<string>gnu99</string>
				<key>GCC_WARN_64_TO_32_BIT_CONVERSION</key>
				<string>YES</string>
				<key>GCC_WARN_ABOUT_RETURN_TYPE</key>
				<string>YES_ERROR</string>
				<key>GCC_WARN_UNDECLARED_SELECTOR</key>
				<string>YES</string>
				<key>GCC_WARN_UNINITIALIZED_AUTOS</key>
				<string>YES_AGGRESSIVE</string>
				<key>GCC_WARN_UNUSED_FUNCTION</key>
				<string>YES</string>
				<key>GCC_WARN_UNUSED_VARIABLE</key>
				<string>YES</string>
				<key>IPHONEOS_DEPLOYMENT_TARGET</key>
				<string>7.1</string>
				<key>SDKROOT</key>
				<string>iphoneos</string>
				<key>VALIDATE_PRODUCT</key>
				<string>YES</string>
			</dict>
			<key>isa</key>
			<string>XCBuildConfiguration</string>
			<key>name</key>
			<string>Release</string>
		</dict>
		<key>EB062A1F196B3BAC00F73A79</key>
		<dict>
			<key>buildConfigurations</key>
			<array>
				<string>EB062A20196B3BAC00F73A79</string>
				<string>EB062A21196B3BAC00F73A79</string>
			</array>
			<key>defaultConfigurationIsVisible</key>
			<string>0</string>
			<key>defaultConfigurationName</key>
			<string>Release</string>
			<key>isa</key>
			<string>XCConfigurationList</string>
		</dict>
		<key>EB062A20196B3BAC00F73A79</key>
		<dict>
			<key>baseConfigurationReference</key>
			<string>7A09ABD831440171AEA3CD3E</string>
			<key>buildSettings</key>
			<dict>
				<key>ASSETCATALOG_COMPILER_APPICON_NAME</key>
				<string>AppIcon</string>
				<key>ASSETCATALOG_COMPILER_LAUNCHIMAGE_NAME</key>
				<string>LaunchImage</string>
				<key>CODE_SIGN_IDENTITY</key>
				<string></string>
				<key>CODE_SIGN_IDENTITY[sdk=iphoneos*]</key>
				<string>iPhone Developer</string>
				<key>GCC_PRECOMPILE_PREFIX_HEADER</key>
				<string>YES</string>
				<key>GCC_PREFIX_HEADER</key>
				<string>iOSInAppPurchases/iOSInAppPurchases-Prefix.pch</string>
				<key>INFOPLIST_FILE</key>
				<string>iOSInAppPurchases/iOSInAppPurchases-Info.plist</string>
				<key>IPHONEOS_DEPLOYMENT_TARGET</key>
				<string>7.1</string>
				<key>PRODUCT_NAME</key>
				<string>$(TARGET_NAME)</string>
				<key>WRAPPER_EXTENSION</key>
				<string>app</string>
			</dict>
			<key>isa</key>
			<string>XCBuildConfiguration</string>
			<key>name</key>
			<string>Debug</string>
		</dict>
		<key>EB062A21196B3BAC00F73A79</key>
		<dict>
			<key>baseConfigurationReference</key>
			<string>0B4D0B6DA5DC00D1278BC45F</string>
			<key>buildSettings</key>
			<dict>
				<key>ASSETCATALOG_COMPILER_APPICON_NAME</key>
				<string>AppIcon</string>
				<key>ASSETCATALOG_COMPILER_LAUNCHIMAGE_NAME</key>
				<string>LaunchImage</string>
				<key>CODE_SIGN_IDENTITY</key>
				<string></string>
				<key>CODE_SIGN_IDENTITY[sdk=iphoneos*]</key>
				<string>iPhone Distribution</string>
				<key>GCC_PRECOMPILE_PREFIX_HEADER</key>
				<string>YES</string>
				<key>GCC_PREFIX_HEADER</key>
				<string>iOSInAppPurchases/iOSInAppPurchases-Prefix.pch</string>
				<key>INFOPLIST_FILE</key>
				<string>iOSInAppPurchases/iOSInAppPurchases-Info.plist</string>
				<key>IPHONEOS_DEPLOYMENT_TARGET</key>
				<string>7.1</string>
				<key>PRODUCT_NAME</key>
				<string>$(TARGET_NAME)</string>
				<key>WRAPPER_EXTENSION</key>
				<string>app</string>
			</dict>
			<key>isa</key>
			<string>XCBuildConfiguration</string>
			<key>name</key>
			<string>Release</string>
		</dict>
		<key>EBD87A271975B319007E5E98</key>
		<dict>
			<key>fileRef</key>
			<string>EBD87A291975B319007E5E98</string>
			<key>isa</key>
			<string>PBXBuildFile</string>
		</dict>
		<key>EBD87A281975B319007E5E98</key>
		<dict>
			<key>isa</key>
			<string>PBXFileReference</string>
			<key>lastKnownFileType</key>
			<string>file.storyboard</string>
			<key>name</key>
			<string>en</string>
			<key>path</key>
			<string>en.lproj/iOSInAppPurchases.storyboard</string>
			<key>sourceTree</key>
			<string>&lt;group&gt;</string>
		</dict>
		<key>EBD87A291975B319007E5E98</key>
		<dict>
			<key>children</key>
			<array>
				<string>EBD87A281975B319007E5E98</string>
			</array>
			<key>isa</key>
			<string>PBXVariantGroup</string>
			<key>name</key>
			<string>iOSInAppPurchases.storyboard</string>
			<key>sourceTree</key>
			<string>&lt;group&gt;</string>
		</dict>
		<key>EBF30CFA196B4DB60055AF16</key>
		<dict>
			<key>fileEncoding</key>
			<string>4</string>
			<key>isa</key>
			<string>PBXFileReference</string>
			<key>lastKnownFileType</key>
			<string>sourcecode.c.h</string>
			<key>path</key>
			<string>iOSProductsList.h</string>
			<key>sourceTree</key>
			<string>&lt;group&gt;</string>
		</dict>
		<key>EBF30CFB196B4DB60055AF16</key>
		<dict>
			<key>fileEncoding</key>
			<string>4</string>
			<key>isa</key>
			<string>PBXFileReference</string>
			<key>lastKnownFileType</key>
			<string>sourcecode.c.objc</string>
			<key>path</key>
			<string>iOSProductsList.m</string>
			<key>sourceTree</key>
			<string>&lt;group&gt;</string>
		</dict>
		<key>EBF30CFC196B4DB60055AF16</key>
		<dict>
			<key>fileRef</key>
			<string>EBF30CFB196B4DB60055AF16</string>
			<key>isa</key>
			<string>PBXBuildFile</string>
		</dict>
		<key>EBF30CFD196B4DC00055AF16</key>
		<dict>
			<key>fileEncoding</key>
			<string>4</string>
			<key>isa</key>
			<string>PBXFileReference</string>
			<key>lastKnownFileType</key>
			<string>sourcecode.c.h</string>
			<key>path</key>
			<string>iOSPurchasesList.h</string>
			<key>sourceTree</key>
			<string>&lt;group&gt;</string>
		</dict>
		<key>EBF30CFE196B4DC00055AF16</key>
		<dict>
			<key>fileEncoding</key>
			<string>4</string>
			<key>isa</key>
			<string>PBXFileReference</string>
			<key>lastKnownFileType</key>
			<string>sourcecode.c.objc</string>
			<key>path</key>
			<string>iOSPurchasesList.m</string>
			<key>sourceTree</key>
			<string>&lt;group&gt;</string>
		</dict>
		<key>EBF30CFF196B4DC00055AF16</key>
		<dict>
			<key>fileRef</key>
			<string>EBF30CFE196B4DC00055AF16</string>
			<key>isa</key>
			<string>PBXBuildFile</string>
		</dict>
		<key>EBF30D00196B4DC80055AF16</key>
		<dict>
			<key>fileEncoding</key>
			<string>4</string>
			<key>isa</key>
			<string>PBXFileReference</string>
			<key>lastKnownFileType</key>
			<string>sourcecode.c.h</string>
			<key>path</key>
			<string>MyModel.h</string>
			<key>sourceTree</key>
			<string>&lt;group&gt;</string>
		</dict>
		<key>EBF30D01196B4DC80055AF16</key>
		<dict>
			<key>fileEncoding</key>
			<string>4</string>
			<key>isa</key>
			<string>PBXFileReference</string>
			<key>lastKnownFileType</key>
			<string>sourcecode.c.objc</string>
			<key>path</key>
			<string>MyModel.m</string>
			<key>sourceTree</key>
			<string>&lt;group&gt;</string>
		</dict>
		<key>EBF30D02196B4DC80055AF16</key>
		<dict>
			<key>fileEncoding</key>
			<string>4</string>
			<key>isa</key>
			<string>PBXFileReference</string>
			<key>lastKnownFileType</key>
			<string>sourcecode.c.h</string>
			<key>path</key>
			<string>ParentViewController.h</string>
			<key>sourceTree</key>
			<string>&lt;group&gt;</string>
		</dict>
		<key>EBF30D03196B4DC80055AF16</key>
		<dict>
			<key>fileEncoding</key>
			<string>4</string>
			<key>isa</key>
			<string>PBXFileReference</string>
			<key>lastKnownFileType</key>
			<string>sourcecode.c.objc</string>
			<key>path</key>
			<string>ParentViewController.m</string>
			<key>sourceTree</key>
			<string>&lt;group&gt;</string>
		</dict>
		<key>EBF30D04196B4DC80055AF16</key>
		<dict>
			<key>fileEncoding</key>
			<string>4</string>
			<key>isa</key>
			<string>PBXFileReference</string>
			<key>lastKnownFileType</key>
			<string>sourcecode.c.h</string>
			<key>path</key>
			<string>PaymentTransactionDetails.h</string>
			<key>sourceTree</key>
			<string>&lt;group&gt;</string>
		</dict>
		<key>EBF30D05196B4DC80055AF16</key>
		<dict>
			<key>fileEncoding</key>
			<string>4</string>
			<key>isa</key>
			<string>PBXFileReference</string>
			<key>lastKnownFileType</key>
			<string>sourcecode.c.objc</string>
			<key>path</key>
			<string>PaymentTransactionDetails.m</string>
			<key>sourceTree</key>
			<string>&lt;group&gt;</string>
		</dict>
		<key>EBF30D06196B4DC80055AF16</key>
		<dict>
			<key>fileRef</key>
			<string>EBF30D01196B4DC80055AF16</string>
			<key>isa</key>
			<string>PBXBuildFile</string>
		</dict>
		<key>EBF30D07196B4DC80055AF16</key>
		<dict>
			<key>fileRef</key>
			<string>EBF30D03196B4DC80055AF16</string>
			<key>isa</key>
			<string>PBXBuildFile</string>
		</dict>
		<key>EBF30D08196B4DC80055AF16</key>
		<dict>
			<key>fileRef</key>
			<string>EBF30D05196B4DC80055AF16</string>
			<key>isa</key>
			<string>PBXBuildFile</string>
		</dict>
		<key>EBF30D09196B4DD50055AF16</key>
		<dict>
			<key>fileEncoding</key>
			<string>4</string>
			<key>isa</key>
			<string>PBXFileReference</string>
			<key>lastKnownFileType</key>
			<string>sourcecode.c.h</string>
			<key>path</key>
			<string>StoreManager.h</string>
			<key>sourceTree</key>
			<string>&lt;group&gt;</string>
		</dict>
		<key>EBF30D0A196B4DD50055AF16</key>
		<dict>
			<key>fileEncoding</key>
			<string>4</string>
			<key>isa</key>
			<string>PBXFileReference</string>
			<key>lastKnownFileType</key>
			<string>sourcecode.c.objc</string>
			<key>path</key>
			<string>StoreManager.m</string>
			<key>sourceTree</key>
			<string>&lt;group&gt;</string>
		</dict>
		<key>EBF30D0B196B4DD50055AF16</key>
		<dict>
			<key>fileEncoding</key>
			<string>4</string>
			<key>isa</key>
			<string>PBXFileReference</string>
			<key>lastKnownFileType</key>
			<string>sourcecode.c.h</string>
			<key>path</key>
			<string>StoreObserver.h</string>
			<key>sourceTree</key>
			<string>&lt;group&gt;</string>
		</dict>
		<key>EBF30D0C196B4DD50055AF16</key>
		<dict>
			<key>fileEncoding</key>
			<string>4</string>
			<key>isa</key>
			<string>PBXFileReference</string>
			<key>lastKnownFileType</key>
			<string>sourcecode.c.objc</string>
			<key>path</key>
			<string>StoreObserver.m</string>
			<key>sourceTree</key>
			<string>&lt;group&gt;</string>
		</dict>
		<key>EBF30D0D196B4DD50055AF16</key>
		<dict>
			<key>fileRef</key>
			<string>EBF30D0A196B4DD50055AF16</string>
			<key>isa</key>
			<string>PBXBuildFile</string>
		</dict>
		<key>EBF30D0E196B4DD50055AF16</key>
		<dict>
			<key>fileRef</key>
			<string>EBF30D0C196B4DD50055AF16</string>
			<key>isa</key>
			<string>PBXBuildFile</string>
		</dict>
		<key>EBF30D0F196B4DE20055AF16</key>
		<dict>
			<key>fileEncoding</key>
			<string>4</string>
			<key>isa</key>
			<string>PBXFileReference</string>
			<key>lastKnownFileType</key>
			<string>text.plist.xml</string>
			<key>path</key>
			<string>ProductIds.plist</string>
			<key>sourceTree</key>
			<string>&lt;group&gt;</string>
		</dict>
		<key>EBF30D10196B4DE20055AF16</key>
		<dict>
			<key>fileRef</key>
			<string>EBF30D0F196B4DE20055AF16</string>
			<key>isa</key>
			<string>PBXBuildFile</string>
		</dict>
	</dict>
	<key>rootObject</key>
	<string>EB0629EB196B3BAC00F73A79</string>
</dict>
</plist>
